
Microsoft Visual Studio Solution File, Format Version 12.00
# Visual Studio 15
VisualStudioVersion = 15.0.28307.1169
MinimumVisualStudioVersion = 10.0.40219.1
Project("{8BC9CEB8-8B4A-11D0-8D11-00A0C91BC942}") = "ImplicitEssentialsOpenVDB", "ImplicitEssentialsOpenVDB\ImplicitEssentialsOpenVDB.vcxproj", "{5C272874-3DA9-43FA-AEEA-951B92059505}"
EndProject
Project("{8BC9CEB8-8B4A-11D0-8D11-00A0C91BC942}") = "ImplicitEssentialsUI", "ImplicitEssentialsUI\ImplicitEssentialsUI.vcxproj", "{CAA784CE-BD67-477D-BEA3-5B2E335D830D}"
EndProject
Global
	GlobalSection(SolutionConfigurationPlatforms) = preSolution
		Debug|x64 = Debug|x64
		Debug|x86 = Debug|x86
		Release|x64 = Release|x64
		Release|x86 = Release|x86
	EndGlobalSection
	GlobalSection(ProjectConfigurationPlatforms) = postSolution
		{5C272874-3DA9-43FA-AEEA-951B92059505}.Debug|x64.ActiveCfg = Debug|x64
		{5C272874-3DA9-43FA-AEEA-951B92059505}.Debug|x64.Build.0 = Debug|x64
		{5C272874-3DA9-43FA-AEEA-951B92059505}.Debug|x86.ActiveCfg = Debug|Win32
		{5C272874-3DA9-43FA-AEEA-951B92059505}.Debug|x86.Build.0 = Debug|Win32
		{5C272874-3DA9-43FA-AEEA-951B92059505}.Release|x64.ActiveCfg = Release|x64
		{5C272874-3DA9-43FA-AEEA-951B92059505}.Release|x64.Build.0 = Release|x64
		{5C272874-3DA9-43FA-AEEA-951B92059505}.Release|x86.ActiveCfg = Release|Win32
		{5C272874-3DA9-43FA-AEEA-951B92059505}.Release|x86.Build.0 = Release|Win32
		{CAA784CE-BD67-477D-BEA3-5B2E335D830D}.Debug|x64.ActiveCfg = Debug|x64
		{CAA784CE-BD67-477D-BEA3-5B2E335D830D}.Debug|x64.Build.0 = Debug|x64
		{CAA784CE-BD67-477D-BEA3-5B2E335D830D}.Debug|x86.ActiveCfg = Debug|Win32
		{CAA784CE-BD67-477D-BEA3-5B2E335D830D}.Debug|x86.Build.0 = Debug|Win32
		{CAA784CE-BD67-477D-BEA3-5B2E335D830D}.Release|x64.ActiveCfg = Release|x64
		{CAA784CE-BD67-477D-BEA3-5B2E335D830D}.Release|x64.Build.0 = Release|x64
		{CAA784CE-BD67-477D-BEA3-5B2E335D830D}.Release|x86.ActiveCfg = Release|Win32
		{CAA784CE-BD67-477D-BEA3-5B2E335D830D}.Release|x86.Build.0 = Release|Win32
	EndGlobalSection
	GlobalSection(SolutionProperties) = preSolution
		HideSolutionNode = FALSE
	EndGlobalSection
	GlobalSection(ExtensibilityGlobals) = postSolution
		SolutionGuid = {8BB76B7A-1954-4534-ACBD-27C5E745C6B3}
	EndGlobalSection
EndGlobal
